// !$*UTF8*$!
{
	archiveVersion = 1;
	classes = {
	};
	objectVersion = 46;
	objects = {

/* Begin PBXBuildFile section */
		750A078C1EC8402F00559062 /* MusicDetectionConstants.swift in Sources */ = {isa = PBXBuildFile; fileRef = 750A078B1EC8402F00559062 /* MusicDetectionConstants.swift */; };
		750A078E1EC934C200559062 /* YouTube.swift in Sources */ = {isa = PBXBuildFile; fileRef = 750A078D1EC934C200559062 /* YouTube.swift */; };
		750A07901EC971CC00559062 /* YouTubeLogInCredentials.swift in Sources */ = {isa = PBXBuildFile; fileRef = 750A078F1EC971CC00559062 /* YouTubeLogInCredentials.swift */; };
		75209E2E1ECE93E800D995D8 /* VideoTableViewCell.swift in Sources */ = {isa = PBXBuildFile; fileRef = 75209E2D1ECE93E800D995D8 /* VideoTableViewCell.swift */; };
		75209E301ECEDC6E00D995D8 /* CircleLoading.swift in Sources */ = {isa = PBXBuildFile; fileRef = 75209E2F1ECEDC6E00D995D8 /* CircleLoading.swift */; };
		753B24EA1E9C921C00102148 /* LoginViewController.swift in Sources */ = {isa = PBXBuildFile; fileRef = 753B24E91E9C921C00102148 /* LoginViewController.swift */; };
		753B24F01E9C983900102148 /* MusicTableViewCell.swift in Sources */ = {isa = PBXBuildFile; fileRef = 753B24EF1E9C983900102148 /* MusicTableViewCell.swift */; };
		75424B091ECC102900FB66F3 /* RepeatButton.swift in Sources */ = {isa = PBXBuildFile; fileRef = 75424B081ECC102900FB66F3 /* RepeatButton.swift */; };
		7549D1721E6925FC00A6FCEF /* AppDelegate.swift in Sources */ = {isa = PBXBuildFile; fileRef = 7549D1711E6925FC00A6FCEF /* AppDelegate.swift */; };
		7549D1741E6925FC00A6FCEF /* ViewController.swift in Sources */ = {isa = PBXBuildFile; fileRef = 7549D1731E6925FC00A6FCEF /* ViewController.swift */; };
		7549D1771E6925FC00A6FCEF /* Main.storyboard in Resources */ = {isa = PBXBuildFile; fileRef = 7549D1751E6925FC00A6FCEF /* Main.storyboard */; };
		7549D1791E6925FC00A6FCEF /* Assets.xcassets in Resources */ = {isa = PBXBuildFile; fileRef = 7549D1781E6925FC00A6FCEF /* Assets.xcassets */; };
		7549D17C1E6925FC00A6FCEF /* LaunchScreen.storyboard in Resources */ = {isa = PBXBuildFile; fileRef = 7549D17A1E6925FC00A6FCEF /* LaunchScreen.storyboard */; };
		756278C21ECD068D007DBB52 /* Playlist.swift in Sources */ = {isa = PBXBuildFile; fileRef = 756278C11ECD068D007DBB52 /* Playlist.swift */; };
		756278C41ECD0FAD007DBB52 /* PlaylistCollectionViewCell.swift in Sources */ = {isa = PBXBuildFile; fileRef = 756278C31ECD0FAD007DBB52 /* PlaylistCollectionViewCell.swift */; };
		756278C61ECDA502007DBB52 /* Video.swift in Sources */ = {isa = PBXBuildFile; fileRef = 756278C51ECDA502007DBB52 /* Video.swift */; };
		75AF13831EC8240100F26E3F /* MusicDetectionViewController.swift in Sources */ = {isa = PBXBuildFile; fileRef = 75AF13821EC8240100F26E3F /* MusicDetectionViewController.swift */; };
		75AF13851EC8244700F26E3F /* SwipeContainerViewController.swift in Sources */ = {isa = PBXBuildFile; fileRef = 75AF13841EC8244700F26E3F /* SwipeContainerViewController.swift */; };
		75AF13871EC8254C00F26E3F /* BilboardViewController.swift in Sources */ = {isa = PBXBuildFile; fileRef = 75AF13861EC8254C00F26E3F /* BilboardViewController.swift */; };
		75AF13A01EC83A2100F26E3F /* libACRCloud_IOS_SDK.a in Frameworks */ = {isa = PBXBuildFile; fileRef = 75AF139F1EC83A2100F26E3F /* libACRCloud_IOS_SDK.a */; };
		75AF13A41EC83ABE00F26E3F /* AudioToolbox.framework in Frameworks */ = {isa = PBXBuildFile; fileRef = 75AF13A31EC83ABE00F26E3F /* AudioToolbox.framework */; };
		75AF13A61EC83ABE00F26E3F /* AVFoundation.framework in Frameworks */ = {isa = PBXBuildFile; fileRef = 75AF13A51EC83ABE00F26E3F /* AVFoundation.framework */; };
		75AF13A81EC83AC000F26E3F /* libc++.tbd in Frameworks */ = {isa = PBXBuildFile; fileRef = 75AF13A71EC83AC000F26E3F /* libc++.tbd */; };
		75AF13AA1EC83AC600F26E3F /* Security.framework in Frameworks */ = {isa = PBXBuildFile; fileRef = 75AF13A91EC83AC600F26E3F /* Security.framework */; };
		75C07B7A1EA09AE600045740 /* Assets in Resources */ = {isa = PBXBuildFile; fileRef = 75C07B791EA09AE600045740 /* Assets */; };
		75C07B7C1EA0C3D400045740 /* UtilityConstants.swift in Sources */ = {isa = PBXBuildFile; fileRef = 75C07B7B1EA0C3D400045740 /* UtilityConstants.swift */; };
		75EA10501EC6C95B00113C91 /* YouTubeLogIn.swift in Sources */ = {isa = PBXBuildFile; fileRef = 75EA104F1EC6C95B00113C91 /* YouTubeLogIn.swift */; };
		75EE1CB41EBDCADF00C5CAA7 /* YouTubeSearcher.swift in Sources */ = {isa = PBXBuildFile; fileRef = 75EE1CB31EBDCADF00C5CAA7 /* YouTubeSearcher.swift */; };
		75F18C7E1EBC125800358487 /* YouTubePlayer.swift in Sources */ = {isa = PBXBuildFile; fileRef = 75F18C7C1EBC125800358487 /* YouTubePlayer.swift */; };
		75F18C7F1EBC125800358487 /* YTPlayer.html in Resources */ = {isa = PBXBuildFile; fileRef = 75F18C7D1EBC125800358487 /* YTPlayer.html */; };
		75F18C811EBC12D600358487 /* PlaylistViewController.swift in Sources */ = {isa = PBXBuildFile; fileRef = 75F18C801EBC12D600358487 /* PlaylistViewController.swift */; };
		75F18C831EBC157100358487 /* YouTubePlayer.framework in Frameworks */ = {isa = PBXBuildFile; fileRef = 75F18C821EBC157100358487 /* YouTubePlayer.framework */; };
		75F18C8F1EBC5D0400358487 /* UIImageExtension.swift in Sources */ = {isa = PBXBuildFile; fileRef = 75F18C8E1EBC5D0400358487 /* UIImageExtension.swift */; };
		75F38CA21EC43D75001EC4B3 /* Notification.swift in Sources */ = {isa = PBXBuildFile; fileRef = 75F38CA11EC43D75001EC4B3 /* Notification.swift */; };
		BCA878E819F08A5283997CCD /* Pods_Cover_Tube.framework in Frameworks */ = {isa = PBXBuildFile; fileRef = B4E447337DE82272774F2BA9 /* Pods_Cover_Tube.framework */; };
/* End PBXBuildFile section */

/* Begin PBXFileReference section */
		750A078B1EC8402F00559062 /* MusicDetectionConstants.swift */ = {isa = PBXFileReference; fileEncoding = 4; lastKnownFileType = sourcecode.swift; path = MusicDetectionConstants.swift; sourceTree = "<group>"; };
		750A078D1EC934C200559062 /* YouTube.swift */ = {isa = PBXFileReference; fileEncoding = 4; lastKnownFileType = sourcecode.swift; path = YouTube.swift; sourceTree = "<group>"; };
		750A078F1EC971CC00559062 /* YouTubeLogInCredentials.swift */ = {isa = PBXFileReference; fileEncoding = 4; lastKnownFileType = sourcecode.swift; path = YouTubeLogInCredentials.swift; sourceTree = "<group>"; };
		75209E2D1ECE93E800D995D8 /* VideoTableViewCell.swift */ = {isa = PBXFileReference; fileEncoding = 4; lastKnownFileType = sourcecode.swift; path = VideoTableViewCell.swift; sourceTree = "<group>"; };
		75209E2F1ECEDC6E00D995D8 /* CircleLoading.swift */ = {isa = PBXFileReference; fileEncoding = 4; lastKnownFileType = sourcecode.swift; path = CircleLoading.swift; sourceTree = "<group>"; };
		753B24E91E9C921C00102148 /* LoginViewController.swift */ = {isa = PBXFileReference; fileEncoding = 4; lastKnownFileType = sourcecode.swift; path = LoginViewController.swift; sourceTree = "<group>"; };
		753B24EF1E9C983900102148 /* MusicTableViewCell.swift */ = {isa = PBXFileReference; fileEncoding = 4; lastKnownFileType = sourcecode.swift; path = MusicTableViewCell.swift; sourceTree = "<group>"; };
		75424B081ECC102900FB66F3 /* RepeatButton.swift */ = {isa = PBXFileReference; fileEncoding = 4; lastKnownFileType = sourcecode.swift; path = RepeatButton.swift; sourceTree = "<group>"; };
		7549D16E1E6925FC00A6FCEF /* Cover Tube.app */ = {isa = PBXFileReference; explicitFileType = wrapper.application; includeInIndex = 0; path = "Cover Tube.app"; sourceTree = BUILT_PRODUCTS_DIR; };
		7549D1711E6925FC00A6FCEF /* AppDelegate.swift */ = {isa = PBXFileReference; lastKnownFileType = sourcecode.swift; path = AppDelegate.swift; sourceTree = "<group>"; };
		7549D1731E6925FC00A6FCEF /* ViewController.swift */ = {isa = PBXFileReference; lastKnownFileType = sourcecode.swift; path = ViewController.swift; sourceTree = "<group>"; };
		7549D1761E6925FC00A6FCEF /* Base */ = {isa = PBXFileReference; lastKnownFileType = file.storyboard; name = Base; path = Base.lproj/Main.storyboard; sourceTree = "<group>"; };
		7549D1781E6925FC00A6FCEF /* Assets.xcassets */ = {isa = PBXFileReference; lastKnownFileType = folder.assetcatalog; path = Assets.xcassets; sourceTree = "<group>"; };
		7549D17B1E6925FC00A6FCEF /* Base */ = {isa = PBXFileReference; lastKnownFileType = file.storyboard; name = Base; path = Base.lproj/LaunchScreen.storyboard; sourceTree = "<group>"; };
		7549D17D1E6925FC00A6FCEF /* Info.plist */ = {isa = PBXFileReference; lastKnownFileType = text.plist.xml; path = Info.plist; sourceTree = "<group>"; };
		756278C11ECD068D007DBB52 /* Playlist.swift */ = {isa = PBXFileReference; fileEncoding = 4; lastKnownFileType = sourcecode.swift; path = Playlist.swift; sourceTree = "<group>"; };
		756278C31ECD0FAD007DBB52 /* PlaylistCollectionViewCell.swift */ = {isa = PBXFileReference; fileEncoding = 4; lastKnownFileType = sourcecode.swift; path = PlaylistCollectionViewCell.swift; sourceTree = "<group>"; };
		756278C51ECDA502007DBB52 /* Video.swift */ = {isa = PBXFileReference; fileEncoding = 4; lastKnownFileType = sourcecode.swift; path = Video.swift; sourceTree = "<group>"; };
		75AF13821EC8240100F26E3F /* MusicDetectionViewController.swift */ = {isa = PBXFileReference; fileEncoding = 4; lastKnownFileType = sourcecode.swift; path = MusicDetectionViewController.swift; sourceTree = "<group>"; };
		75AF13841EC8244700F26E3F /* SwipeContainerViewController.swift */ = {isa = PBXFileReference; fileEncoding = 4; lastKnownFileType = sourcecode.swift; path = SwipeContainerViewController.swift; sourceTree = "<group>"; };
		75AF13861EC8254C00F26E3F /* BilboardViewController.swift */ = {isa = PBXFileReference; fileEncoding = 4; lastKnownFileType = sourcecode.swift; path = BilboardViewController.swift; sourceTree = "<group>"; };
		75AF139F1EC83A2100F26E3F /* libACRCloud_IOS_SDK.a */ = {isa = PBXFileReference; lastKnownFileType = archive.ar; path = libACRCloud_IOS_SDK.a; sourceTree = "<group>"; };
		75AF13A11EC83A2B00F26E3F /* ACRCloudConfig.h */ = {isa = PBXFileReference; lastKnownFileType = sourcecode.c.h; path = ACRCloudConfig.h; sourceTree = "<group>"; };
		75AF13A21EC83A2B00F26E3F /* ACRCloudRecognition.h */ = {isa = PBXFileReference; lastKnownFileType = sourcecode.c.h; path = ACRCloudRecognition.h; sourceTree = "<group>"; };
		75AF13A31EC83ABE00F26E3F /* AudioToolbox.framework */ = {isa = PBXFileReference; lastKnownFileType = wrapper.framework; name = AudioToolbox.framework; path = System/Library/Frameworks/AudioToolbox.framework; sourceTree = SDKROOT; };
		75AF13A51EC83ABE00F26E3F /* AVFoundation.framework */ = {isa = PBXFileReference; lastKnownFileType = wrapper.framework; name = AVFoundation.framework; path = System/Library/Frameworks/AVFoundation.framework; sourceTree = SDKROOT; };
		75AF13A71EC83AC000F26E3F /* libc++.tbd */ = {isa = PBXFileReference; lastKnownFileType = "sourcecode.text-based-dylib-definition"; name = "libc++.tbd"; path = "usr/lib/libc++.tbd"; sourceTree = SDKROOT; };
		75AF13A91EC83AC600F26E3F /* Security.framework */ = {isa = PBXFileReference; lastKnownFileType = wrapper.framework; name = Security.framework; path = System/Library/Frameworks/Security.framework; sourceTree = SDKROOT; };
		75C07B751EA09A9C00045740 /* Cover Tube-Bridging-Header.h */ = {isa = PBXFileReference; lastKnownFileType = sourcecode.c.h; path = "Cover Tube-Bridging-Header.h"; sourceTree = "<group>"; };
		75C07B791EA09AE600045740 /* Assets */ = {isa = PBXFileReference; lastKnownFileType = folder; path = Assets; sourceTree = "<group>"; };
		75C07B7B1EA0C3D400045740 /* UtilityConstants.swift */ = {isa = PBXFileReference; fileEncoding = 4; lastKnownFileType = sourcecode.swift; path = UtilityConstants.swift; sourceTree = "<group>"; };
		75EA104F1EC6C95B00113C91 /* YouTubeLogIn.swift */ = {isa = PBXFileReference; fileEncoding = 4; lastKnownFileType = sourcecode.swift; path = YouTubeLogIn.swift; sourceTree = "<group>"; };
		75EE1CB31EBDCADF00C5CAA7 /* YouTubeSearcher.swift */ = {isa = PBXFileReference; fileEncoding = 4; lastKnownFileType = sourcecode.swift; path = YouTubeSearcher.swift; sourceTree = "<group>"; };
		75F18C7C1EBC125800358487 /* YouTubePlayer.swift */ = {isa = PBXFileReference; fileEncoding = 4; lastKnownFileType = sourcecode.swift; path = YouTubePlayer.swift; sourceTree = "<group>"; };
		75F18C7D1EBC125800358487 /* YTPlayer.html */ = {isa = PBXFileReference; fileEncoding = 4; lastKnownFileType = text.html; path = YTPlayer.html; sourceTree = "<group>"; };
		75F18C801EBC12D600358487 /* PlaylistViewController.swift */ = {isa = PBXFileReference; fileEncoding = 4; lastKnownFileType = sourcecode.swift; path = PlaylistViewController.swift; sourceTree = "<group>"; };
		75F18C821EBC157100358487 /* YouTubePlayer.framework */ = {isa = PBXFileReference; lastKnownFileType = wrapper.framework; name = YouTubePlayer.framework; path = "../../Library/Developer/Xcode/DerivedData/Cover_Tube-ducmdaowsnmaaygkuwqihdiqnrqd/Build/Products/Debug-iphonesimulator/YouTubePlayer/YouTubePlayer.framework"; sourceTree = "<group>"; };
		75F18C8E1EBC5D0400358487 /* UIImageExtension.swift */ = {isa = PBXFileReference; fileEncoding = 4; lastKnownFileType = sourcecode.swift; path = UIImageExtension.swift; sourceTree = "<group>"; };
		75F38CA11EC43D75001EC4B3 /* Notification.swift */ = {isa = PBXFileReference; fileEncoding = 4; lastKnownFileType = sourcecode.swift; path = Notification.swift; sourceTree = "<group>"; };
		B3D95F9CBC8688B7C394C0D9 /* Pods-Cover Tube.debug.xcconfig */ = {isa = PBXFileReference; includeInIndex = 1; lastKnownFileType = text.xcconfig; name = "Pods-Cover Tube.debug.xcconfig"; path = "Pods/Target Support Files/Pods-Cover Tube/Pods-Cover Tube.debug.xcconfig"; sourceTree = "<group>"; };
		B4E447337DE82272774F2BA9 /* Pods_Cover_Tube.framework */ = {isa = PBXFileReference; explicitFileType = wrapper.framework; includeInIndex = 0; path = Pods_Cover_Tube.framework; sourceTree = BUILT_PRODUCTS_DIR; };
		E57D64D983DF4BB1BDA870EA /* Pods-Cover Tube.release.xcconfig */ = {isa = PBXFileReference; includeInIndex = 1; lastKnownFileType = text.xcconfig; name = "Pods-Cover Tube.release.xcconfig"; path = "Pods/Target Support Files/Pods-Cover Tube/Pods-Cover Tube.release.xcconfig"; sourceTree = "<group>"; };
/* End PBXFileReference section */

/* Begin PBXFrameworksBuildPhase section */
		7549D16B1E6925FC00A6FCEF /* Frameworks */ = {
			isa = PBXFrameworksBuildPhase;
			buildActionMask = 2147483647;
			files = (
				75AF13AA1EC83AC600F26E3F /* Security.framework in Frameworks */,
				75AF13A81EC83AC000F26E3F /* libc++.tbd in Frameworks */,
				75AF13A61EC83ABE00F26E3F /* AVFoundation.framework in Frameworks */,
				75AF13A41EC83ABE00F26E3F /* AudioToolbox.framework in Frameworks */,
				75F18C831EBC157100358487 /* YouTubePlayer.framework in Frameworks */,
				BCA878E819F08A5283997CCD /* Pods_Cover_Tube.framework in Frameworks */,
				75AF13A01EC83A2100F26E3F /* libACRCloud_IOS_SDK.a in Frameworks */,
			);
			runOnlyForDeploymentPostprocessing = 0;
		};
/* End PBXFrameworksBuildPhase section */

/* Begin PBXGroup section */
		503449A357613FCDBF5C8A7E /* Pods */ = {
			isa = PBXGroup;
			children = (
				B3D95F9CBC8688B7C394C0D9 /* Pods-Cover Tube.debug.xcconfig */,
				E57D64D983DF4BB1BDA870EA /* Pods-Cover Tube.release.xcconfig */,
			);
			name = Pods;
			sourceTree = "<group>";
		};
		75209E311ECF803200D995D8 /* UI */ = {
			isa = PBXGroup;
			children = (
				75424B081ECC102900FB66F3 /* RepeatButton.swift */,
				75209E2F1ECEDC6E00D995D8 /* CircleLoading.swift */,
			);
			name = UI;
			sourceTree = "<group>";
		};
		7549D1651E6925FC00A6FCEF = {
			isa = PBXGroup;
			children = (
				7549D1701E6925FC00A6FCEF /* Cover Tube */,
				7549D16F1E6925FC00A6FCEF /* Products */,
				503449A357613FCDBF5C8A7E /* Pods */,
				834AD4D2A943C1CA6BE27CB2 /* Frameworks */,
			);
			sourceTree = "<group>";
		};
		7549D16F1E6925FC00A6FCEF /* Products */ = {
			isa = PBXGroup;
			children = (
				7549D16E1E6925FC00A6FCEF /* Cover Tube.app */,
			);
			name = Products;
			sourceTree = "<group>";
		};
		7549D1701E6925FC00A6FCEF /* Cover Tube */ = {
			isa = PBXGroup;
			children = (
				7549D1711E6925FC00A6FCEF /* AppDelegate.swift */,
				7549D1731E6925FC00A6FCEF /* ViewController.swift */,
				7549D1751E6925FC00A6FCEF /* Main.storyboard */,
				75209E2D1ECE93E800D995D8 /* VideoTableViewCell.swift */,
				753B24E91E9C921C00102148 /* LoginViewController.swift */,
				75AF13841EC8244700F26E3F /* SwipeContainerViewController.swift */,
				753B24EF1E9C983900102148 /* MusicTableViewCell.swift */,
				75F18C801EBC12D600358487 /* PlaylistViewController.swift */,
				756278C31ECD0FAD007DBB52 /* PlaylistCollectionViewCell.swift */,
				75AF13861EC8254C00F26E3F /* BilboardViewController.swift */,
				7549D1781E6925FC00A6FCEF /* Assets.xcassets */,
				7549D17A1E6925FC00A6FCEF /* LaunchScreen.storyboard */,
				7549D17D1E6925FC00A6FCEF /* Info.plist */,
				75C07B751EA09A9C00045740 /* Cover Tube-Bridging-Header.h */,
				75F38CA11EC43D75001EC4B3 /* Notification.swift */,
				75F18C8E1EBC5D0400358487 /* UIImageExtension.swift */,
				750A078D1EC934C200559062 /* YouTube.swift */,
				756278C11ECD068D007DBB52 /* Playlist.swift */,
				756278C51ECDA502007DBB52 /* Video.swift */,
				75EE1CB31EBDCADF00C5CAA7 /* YouTubeSearcher.swift */,
				75EA104F1EC6C95B00113C91 /* YouTubeLogIn.swift */,
				750A078F1EC971CC00559062 /* YouTubeLogInCredentials.swift */,
				75C07B7B1EA0C3D400045740 /* UtilityConstants.swift */,
				75209E311ECF803200D995D8 /* UI */,
				756278C01ECCF5C9007DBB52 /* Music Detection */,
				75F18C8D1EBC5C5300358487 /* YouTube Player View */,
				75C07B791EA09AE600045740 /* Assets */,
			);
			path = "Cover Tube";
			sourceTree = "<group>";
		};
		756278C01ECCF5C9007DBB52 /* Music Detection */ = {
			isa = PBXGroup;
			children = (
				75AF13821EC8240100F26E3F /* MusicDetectionViewController.swift */,
				75AF139F1EC83A2100F26E3F /* libACRCloud_IOS_SDK.a */,
				75AF13A11EC83A2B00F26E3F /* ACRCloudConfig.h */,
				75AF13A21EC83A2B00F26E3F /* ACRCloudRecognition.h */,
				750A078B1EC8402F00559062 /* MusicDetectionConstants.swift */,
			);
			name = "Music Detection";
			sourceTree = "<group>";
		};
		75F18C8D1EBC5C5300358487 /* YouTube Player View */ = {
			isa = PBXGroup;
			children = (
				75F18C7C1EBC125800358487 /* YouTubePlayer.swift */,
				75F18C7D1EBC125800358487 /* YTPlayer.html */,
			);
			name = "YouTube Player View";
			sourceTree = "<group>";
		};
		834AD4D2A943C1CA6BE27CB2 /* Frameworks */ = {
			isa = PBXGroup;
			children = (
				75AF13A91EC83AC600F26E3F /* Security.framework */,
				75AF13A71EC83AC000F26E3F /* libc++.tbd */,
				75AF13A51EC83ABE00F26E3F /* AVFoundation.framework */,
				75AF13A31EC83ABE00F26E3F /* AudioToolbox.framework */,
				75F18C821EBC157100358487 /* YouTubePlayer.framework */,
				B4E447337DE82272774F2BA9 /* Pods_Cover_Tube.framework */,
			);
			name = Frameworks;
			sourceTree = "<group>";
		};
/* End PBXGroup section */

/* Begin PBXNativeTarget section */
		7549D16D1E6925FC00A6FCEF /* Cover Tube */ = {
			isa = PBXNativeTarget;
			buildConfigurationList = 7549D1801E6925FC00A6FCEF /* Build configuration list for PBXNativeTarget "Cover Tube" */;
			buildPhases = (
				DCCAEF1B3E1BA6A8ABD76D0B /* [CP] Check Pods Manifest.lock */,
				7549D16A1E6925FC00A6FCEF /* Sources */,
				7549D16B1E6925FC00A6FCEF /* Frameworks */,
				7549D16C1E6925FC00A6FCEF /* Resources */,
				46BAB632DF3D8819FD357DCB /* [CP] Embed Pods Frameworks */,
				19E0EB2999EB36428A60D237 /* [CP] Copy Pods Resources */,
			);
			buildRules = (
			);
			dependencies = (
			);
			name = "Cover Tube";
			productName = "Cover Tube";
			productReference = 7549D16E1E6925FC00A6FCEF /* Cover Tube.app */;
			productType = "com.apple.product-type.application";
		};
/* End PBXNativeTarget section */

/* Begin PBXProject section */
		7549D1661E6925FC00A6FCEF /* Project object */ = {
			isa = PBXProject;
			attributes = {
				LastSwiftUpdateCheck = 0820;
				LastUpgradeCheck = 0820;
				ORGANIZATIONNAME = CoverTuber;
				TargetAttributes = {
					7549D16D1E6925FC00A6FCEF = {
						CreatedOnToolsVersion = 8.2.1;
						DevelopmentTeam = 4V845HXYW2;
						LastSwiftMigration = 0830;
						ProvisioningStyle = Automatic;
					};
				};
			};
			buildConfigurationList = 7549D1691E6925FC00A6FCEF /* Build configuration list for PBXProject "Cover Tube" */;
			compatibilityVersion = "Xcode 3.2";
			developmentRegion = English;
			hasScannedForEncodings = 0;
			knownRegions = (
				en,
				Base,
			);
			mainGroup = 7549D1651E6925FC00A6FCEF;
			productRefGroup = 7549D16F1E6925FC00A6FCEF /* Products */;
			projectDirPath = "";
			projectRoot = "";
			targets = (
				7549D16D1E6925FC00A6FCEF /* Cover Tube */,
			);
		};
/* End PBXProject section */

/* Begin PBXResourcesBuildPhase section */
		7549D16C1E6925FC00A6FCEF /* Resources */ = {
			isa = PBXResourcesBuildPhase;
			buildActionMask = 2147483647;
			files = (
				7549D17C1E6925FC00A6FCEF /* LaunchScreen.storyboard in Resources */,
				75C07B7A1EA09AE600045740 /* Assets in Resources */,
				75F18C7F1EBC125800358487 /* YTPlayer.html in Resources */,
				7549D1791E6925FC00A6FCEF /* Assets.xcassets in Resources */,
				7549D1771E6925FC00A6FCEF /* Main.storyboard in Resources */,
			);
			runOnlyForDeploymentPostprocessing = 0;
		};
/* End PBXResourcesBuildPhase section */

/* Begin PBXShellScriptBuildPhase section */
		19E0EB2999EB36428A60D237 /* [CP] Copy Pods Resources */ = {
			isa = PBXShellScriptBuildPhase;
			buildActionMask = 2147483647;
			files = (
			);
			inputPaths = (
			);
			name = "[CP] Copy Pods Resources";
			outputPaths = (
			);
			runOnlyForDeploymentPostprocessing = 0;
			shellPath = /bin/sh;
			shellScript = "\"${SRCROOT}/Pods/Target Support Files/Pods-Cover Tube/Pods-Cover Tube-resources.sh\"\n";
			showEnvVarsInLog = 0;
		};
		46BAB632DF3D8819FD357DCB /* [CP] Embed Pods Frameworks */ = {
			isa = PBXShellScriptBuildPhase;
			buildActionMask = 2147483647;
			files = (
			);
			inputPaths = (
			);
			name = "[CP] Embed Pods Frameworks";
			outputPaths = (
			);
			runOnlyForDeploymentPostprocessing = 0;
			shellPath = /bin/sh;
			shellScript = "\"${SRCROOT}/Pods/Target Support Files/Pods-Cover Tube/Pods-Cover Tube-frameworks.sh\"\n";
			showEnvVarsInLog = 0;
		};
		DCCAEF1B3E1BA6A8ABD76D0B /* [CP] Check Pods Manifest.lock */ = {
			isa = PBXShellScriptBuildPhase;
			buildActionMask = 2147483647;
			files = (
			);
			inputPaths = (
			);
			name = "[CP] Check Pods Manifest.lock";
			outputPaths = (
			);
			runOnlyForDeploymentPostprocessing = 0;
			shellPath = /bin/sh;
			shellScript = "diff \"${PODS_ROOT}/../Podfile.lock\" \"${PODS_ROOT}/Manifest.lock\" > /dev/null\nif [ $? != 0 ] ; then\n    # print error to STDERR\n    echo \"error: The sandbox is not in sync with the Podfile.lock. Run 'pod install' or update your CocoaPods installation.\" >&2\n    exit 1\nfi\n";
			showEnvVarsInLog = 0;
		};
/* End PBXShellScriptBuildPhase section */

/* Begin PBXSourcesBuildPhase section */
		7549D16A1E6925FC00A6FCEF /* Sources */ = {
			isa = PBXSourcesBuildPhase;
			buildActionMask = 2147483647;
			files = (
				75F18C811EBC12D600358487 /* PlaylistViewController.swift in Sources */,
				75AF13851EC8244700F26E3F /* SwipeContainerViewController.swift in Sources */,
				75AF13831EC8240100F26E3F /* MusicDetectionViewController.swift in Sources */,
				75209E2E1ECE93E800D995D8 /* VideoTableViewCell.swift in Sources */,
				75209E301ECEDC6E00D995D8 /* CircleLoading.swift in Sources */,
				753B24EA1E9C921C00102148 /* LoginViewController.swift in Sources */,
				756278C41ECD0FAD007DBB52 /* PlaylistCollectionViewCell.swift in Sources */,
				756278C21ECD068D007DBB52 /* Playlist.swift in Sources */,
				75EE1CB41EBDCADF00C5CAA7 /* YouTubeSearcher.swift in Sources */,
				750A078E1EC934C200559062 /* YouTube.swift in Sources */,
				75AF13871EC8254C00F26E3F /* BilboardViewController.swift in Sources */,
				75EA10501EC6C95B00113C91 /* YouTubeLogIn.swift in Sources */,
				75C07B7C1EA0C3D400045740 /* UtilityConstants.swift in Sources */,
				75F18C7E1EBC125800358487 /* YouTubePlayer.swift in Sources */,
				7549D1741E6925FC00A6FCEF /* ViewController.swift in Sources */,
				75F18C8F1EBC5D0400358487 /* UIImageExtension.swift in Sources */,
				75424B091ECC102900FB66F3 /* RepeatButton.swift in Sources */,
				750A078C1EC8402F00559062 /* MusicDetectionConstants.swift in Sources */,
				7549D1721E6925FC00A6FCEF /* AppDelegate.swift in Sources */,
				750A07901EC971CC00559062 /* YouTubeLogInCredentials.swift in Sources */,
				75F38CA21EC43D75001EC4B3 /* Notification.swift in Sources */,
				756278C61ECDA502007DBB52 /* Video.swift in Sources */,
				753B24F01E9C983900102148 /* MusicTableViewCell.swift in Sources */,
			);
			runOnlyForDeploymentPostprocessing = 0;
		};
/* End PBXSourcesBuildPhase section */

/* Begin PBXVariantGroup section */
		7549D1751E6925FC00A6FCEF /* Main.storyboard */ = {
			isa = PBXVariantGroup;
			children = (
				7549D1761E6925FC00A6FCEF /* Base */,
			);
			name = Main.storyboard;
			sourceTree = "<group>";
		};
		7549D17A1E6925FC00A6FCEF /* LaunchScreen.storyboard */ = {
			isa = PBXVariantGroup;
			children = (
				7549D17B1E6925FC00A6FCEF /* Base */,
			);
			name = LaunchScreen.storyboard;
			sourceTree = "<group>";
		};
/* End PBXVariantGroup section */

/* Begin XCBuildConfiguration section */
		7549D17E1E6925FC00A6FCEF /* Debug */ = {
			isa = XCBuildConfiguration;
			buildSettings = {
				ALWAYS_SEARCH_USER_PATHS = NO;
				CLANG_ANALYZER_NONNULL = YES;
				CLANG_CXX_LANGUAGE_STANDARD = "gnu++0x";
				CLANG_CXX_LIBRARY = "libc++";
				CLANG_ENABLE_MODULES = YES;
				CLANG_ENABLE_OBJC_ARC = YES;
				CLANG_WARN_BOOL_CONVERSION = YES;
				CLANG_WARN_CONSTANT_CONVERSION = YES;
				CLANG_WARN_DIRECT_OBJC_ISA_USAGE = YES_ERROR;
				CLANG_WARN_DOCUMENTATION_COMMENTS = YES;
				CLANG_WARN_EMPTY_BODY = YES;
				CLANG_WARN_ENUM_CONVERSION = YES;
				CLANG_WARN_INFINITE_RECURSION = YES;
				CLANG_WARN_INT_CONVERSION = YES;
				CLANG_WARN_OBJC_ROOT_CLASS = YES_ERROR;
				CLANG_WARN_SUSPICIOUS_MOVE = YES;
				CLANG_WARN_UNREACHABLE_CODE = YES;
				CLANG_WARN__DUPLICATE_METHOD_MATCH = YES;
				"CODE_SIGN_IDENTITY[sdk=iphoneos*]" = "iPhone Developer";
				COPY_PHASE_STRIP = NO;
				DEBUG_INFORMATION_FORMAT = dwarf;
				ENABLE_STRICT_OBJC_MSGSEND = YES;
				ENABLE_TESTABILITY = YES;
				GCC_C_LANGUAGE_STANDARD = gnu99;
				GCC_DYNAMIC_NO_PIC = NO;
				GCC_NO_COMMON_BLOCKS = YES;
				GCC_OPTIMIZATION_LEVEL = 0;
				GCC_PREPROCESSOR_DEFINITIONS = (
					"DEBUG=1",
					"$(inherited)",
				);
				GCC_WARN_64_TO_32_BIT_CONVERSION = YES;
				GCC_WARN_ABOUT_RETURN_TYPE = YES_ERROR;
				GCC_WARN_UNDECLARED_SELECTOR = YES;
				GCC_WARN_UNINITIALIZED_AUTOS = YES_AGGRESSIVE;
				GCC_WARN_UNUSED_FUNCTION = YES;
				GCC_WARN_UNUSED_VARIABLE = YES;
				IPHONEOS_DEPLOYMENT_TARGET = 10.2;
				MTL_ENABLE_DEBUG_INFO = YES;
				ONLY_ACTIVE_ARCH = YES;
				SDKROOT = iphoneos;
				SWIFT_ACTIVE_COMPILATION_CONDITIONS = DEBUG;
				SWIFT_OPTIMIZATION_LEVEL = "-Onone";
			};
			name = Debug;
		};
		7549D17F1E6925FC00A6FCEF /* Release */ = {
			isa = XCBuildConfiguration;
			buildSettings = {
				ALWAYS_SEARCH_USER_PATHS = NO;
				CLANG_ANALYZER_NONNULL = YES;
				CLANG_CXX_LANGUAGE_STANDARD = "gnu++0x";
				CLANG_CXX_LIBRARY = "libc++";
				CLANG_ENABLE_MODULES = YES;
				CLANG_ENABLE_OBJC_ARC = YES;
				CLANG_WARN_BOOL_CONVERSION = YES;
				CLANG_WARN_CONSTANT_CONVERSION = YES;
				CLANG_WARN_DIRECT_OBJC_ISA_USAGE = YES_ERROR;
				CLANG_WARN_DOCUMENTATION_COMMENTS = YES;
				CLANG_WARN_EMPTY_BODY = YES;
				CLANG_WARN_ENUM_CONVERSION = YES;
				CLANG_WARN_INFINITE_RECURSION = YES;
				CLANG_WARN_INT_CONVERSION = YES;
				CLANG_WARN_OBJC_ROOT_CLASS = YES_ERROR;
				CLANG_WARN_SUSPICIOUS_MOVE = YES;
				CLANG_WARN_UNREACHABLE_CODE = YES;
				CLANG_WARN__DUPLICATE_METHOD_MATCH = YES;
				"CODE_SIGN_IDENTITY[sdk=iphoneos*]" = "iPhone Developer";
				COPY_PHASE_STRIP = NO;
				DEBUG_INFORMATION_FORMAT = "dwarf-with-dsym";
				ENABLE_NS_ASSERTIONS = NO;
				ENABLE_STRICT_OBJC_MSGSEND = YES;
				GCC_C_LANGUAGE_STANDARD = gnu99;
				GCC_NO_COMMON_BLOCKS = YES;
				GCC_WARN_64_TO_32_BIT_CONVERSION = YES;
				GCC_WARN_ABOUT_RETURN_TYPE = YES_ERROR;
				GCC_WARN_UNDECLARED_SELECTOR = YES;
				GCC_WARN_UNINITIALIZED_AUTOS = YES_AGGRESSIVE;
				GCC_WARN_UNUSED_FUNCTION = YES;
				GCC_WARN_UNUSED_VARIABLE = YES;
				IPHONEOS_DEPLOYMENT_TARGET = 10.2;
				MTL_ENABLE_DEBUG_INFO = NO;
				SDKROOT = iphoneos;
				SWIFT_OPTIMIZATION_LEVEL = "-Owholemodule";
				VALIDATE_PRODUCT = YES;
			};
			name = Release;
		};
		7549D1811E6925FC00A6FCEF /* Debug */ = {
			isa = XCBuildConfiguration;
			baseConfigurationReference = B3D95F9CBC8688B7C394C0D9 /* Pods-Cover Tube.debug.xcconfig */;
			buildSettings = {
				ASSETCATALOG_COMPILER_APPICON_NAME = AppIcon;
				CLANG_ENABLE_MODULES = YES;
				DEVELOPMENT_TEAM = 4V845HXYW2;
				INFOPLIST_FILE = "Cover Tube/Info.plist";
				LD_RUNPATH_SEARCH_PATHS = "$(inherited) @executable_path/Frameworks";
				LIBRARY_SEARCH_PATHS = (
					"$(inherited)",
					"$(PROJECT_DIR)/Cover\\ Tube",
					"$(PROJECT_DIR)/Cover\\ Tube",
				);
				PRODUCT_BUNDLE_IDENTIFIER = "com.covertuber.Cover-Tube";
				PRODUCT_NAME = "$(TARGET_NAME)";
				SWIFT_OBJC_BRIDGING_HEADER = "Cover Tube/Cover Tube-Bridging-Header.h";
				SWIFT_OPTIMIZATION_LEVEL = "-Onone";
				SWIFT_VERSION = 3.0;
			};
			name = Debug;
		};
		7549D1821E6925FC00A6FCEF /* Release */ = {
			isa = XCBuildConfiguration;
			baseConfigurationReference = E57D64D983DF4BB1BDA870EA /* Pods-Cover Tube.release.xcconfig */;
			buildSettings = {
				ASSETCATALOG_COMPILER_APPICON_NAME = AppIcon;
				CLANG_ENABLE_MODULES = YES;
				DEVELOPMENT_TEAM = 4V845HXYW2;
				INFOPLIST_FILE = "Cover Tube/Info.plist";
				LD_RUNPATH_SEARCH_PATHS = "$(inherited) @executable_path/Frameworks";
				LIBRARY_SEARCH_PATHS = (
					"$(inherited)",
					"$(PROJECT_DIR)/Cover\\ Tube",
					"$(PROJECT_DIR)/Cover\\ Tube",
				);
				PRODUCT_BUNDLE_IDENTIFIER = "com.covertuber.Cover-Tube";
				PRODUCT_NAME = "$(TARGET_NAME)";
				SWIFT_OBJC_BRIDGING_HEADER = "Cover Tube/Cover Tube-Bridging-Header.h";
				SWIFT_VERSION = 3.0;
			};
			name = Release;
		};
/* End XCBuildConfiguration section */

/* Begin XCConfigurationList section */
		7549D1691E6925FC00A6FCEF /* Build configuration list for PBXProject "Cover Tube" */ = {
			isa = XCConfigurationList;
			buildConfigurations = (
				7549D17E1E6925FC00A6FCEF /* Debug */,
				7549D17F1E6925FC00A6FCEF /* Release */,
			);
			defaultConfigurationIsVisible = 0;
			defaultConfigurationName = Release;
		};
		7549D1801E6925FC00A6FCEF /* Build configuration list for PBXNativeTarget "Cover Tube" */ = {
			isa = XCConfigurationList;
			buildConfigurations = (
				7549D1811E6925FC00A6FCEF /* Debug */,
				7549D1821E6925FC00A6FCEF /* Release */,
			);
			defaultConfigurationIsVisible = 0;
			defaultConfigurationName = Release;
		};
/* End XCConfigurationList section */
	};
	rootObject = 7549D1661E6925FC00A6FCEF /* Project object */;
}
