// !$*UTF8*$!
{
	archiveVersion = 1;
	classes = {
	};
	objectVersion = 46;
	objects = {

/* Begin PBXBuildFile section */
		753B24EA1E9C921C00102148 /* LoginViewController.swift in Sources */ = {isa = PBXBuildFile; fileRef = 753B24E91E9C921C00102148 /* LoginViewController.swift */; };
		753B24EC1E9C922500102148 /* MusicSearcherViewController.swift in Sources */ = {isa = PBXBuildFile; fileRef = 753B24EB1E9C922500102148 /* MusicSearcherViewController.swift */; };
		753B24EE1E9C96FC00102148 /* PlaylistViewController.swift in Sources */ = {isa = PBXBuildFile; fileRef = 753B24ED1E9C96FC00102148 /* PlaylistViewController.swift */; };
		753B24F01E9C983900102148 /* MusicTableViewCell.swift in Sources */ = {isa = PBXBuildFile; fileRef = 753B24EF1E9C983900102148 /* MusicTableViewCell.swift */; };
		7549D1721E6925FC00A6FCEF /* AppDelegate.swift in Sources */ = {isa = PBXBuildFile; fileRef = 7549D1711E6925FC00A6FCEF /* AppDelegate.swift */; };
		7549D1741E6925FC00A6FCEF /* ViewController.swift in Sources */ = {isa = PBXBuildFile; fileRef = 7549D1731E6925FC00A6FCEF /* ViewController.swift */; };
		7549D1771E6925FC00A6FCEF /* Main.storyboard in Resources */ = {isa = PBXBuildFile; fileRef = 7549D1751E6925FC00A6FCEF /* Main.storyboard */; };
		7549D1791E6925FC00A6FCEF /* Assets.xcassets in Resources */ = {isa = PBXBuildFile; fileRef = 7549D1781E6925FC00A6FCEF /* Assets.xcassets */; };
		7549D17C1E6925FC00A6FCEF /* LaunchScreen.storyboard in Resources */ = {isa = PBXBuildFile; fileRef = 7549D17A1E6925FC00A6FCEF /* LaunchScreen.storyboard */; };
		75C07B781EA09A9D00045740 /* YTPlayerView.m in Sources */ = {isa = PBXBuildFile; fileRef = 75C07B771EA09A9D00045740 /* YTPlayerView.m */; };
		75C07B7A1EA09AE600045740 /* Assets in Resources */ = {isa = PBXBuildFile; fileRef = 75C07B791EA09AE600045740 /* Assets */; };
		75C07B7C1EA0C3D400045740 /* UtilityConstants.swift in Sources */ = {isa = PBXBuildFile; fileRef = 75C07B7B1EA0C3D400045740 /* UtilityConstants.swift */; };
/* End PBXBuildFile section */

/* Begin PBXFileReference section */
		753B24E91E9C921C00102148 /* LoginViewController.swift */ = {isa = PBXFileReference; fileEncoding = 4; lastKnownFileType = sourcecode.swift; path = LoginViewController.swift; sourceTree = "<group>"; };
		753B24EB1E9C922500102148 /* MusicSearcherViewController.swift */ = {isa = PBXFileReference; fileEncoding = 4; lastKnownFileType = sourcecode.swift; path = MusicSearcherViewController.swift; sourceTree = "<group>"; };
		753B24ED1E9C96FC00102148 /* PlaylistViewController.swift */ = {isa = PBXFileReference; fileEncoding = 4; lastKnownFileType = sourcecode.swift; path = PlaylistViewController.swift; sourceTree = "<group>"; };
		753B24EF1E9C983900102148 /* MusicTableViewCell.swift */ = {isa = PBXFileReference; fileEncoding = 4; lastKnownFileType = sourcecode.swift; path = MusicTableViewCell.swift; sourceTree = "<group>"; };
		7549D16E1E6925FC00A6FCEF /* Cover Tube.app */ = {isa = PBXFileReference; explicitFileType = wrapper.application; includeInIndex = 0; path = "Cover Tube.app"; sourceTree = BUILT_PRODUCTS_DIR; };
		7549D1711E6925FC00A6FCEF /* AppDelegate.swift */ = {isa = PBXFileReference; lastKnownFileType = sourcecode.swift; path = AppDelegate.swift; sourceTree = "<group>"; };
		7549D1731E6925FC00A6FCEF /* ViewController.swift */ = {isa = PBXFileReference; lastKnownFileType = sourcecode.swift; path = ViewController.swift; sourceTree = "<group>"; };
		7549D1761E6925FC00A6FCEF /* Base */ = {isa = PBXFileReference; lastKnownFileType = file.storyboard; name = Base; path = Base.lproj/Main.storyboard; sourceTree = "<group>"; };
		7549D1781E6925FC00A6FCEF /* Assets.xcassets */ = {isa = PBXFileReference; lastKnownFileType = folder.assetcatalog; path = Assets.xcassets; sourceTree = "<group>"; };
		7549D17B1E6925FC00A6FCEF /* Base */ = {isa = PBXFileReference; lastKnownFileType = file.storyboard; name = Base; path = Base.lproj/LaunchScreen.storyboard; sourceTree = "<group>"; };
		7549D17D1E6925FC00A6FCEF /* Info.plist */ = {isa = PBXFileReference; lastKnownFileType = text.plist.xml; path = Info.plist; sourceTree = "<group>"; };
		75C07B751EA09A9C00045740 /* Cover Tube-Bridging-Header.h */ = {isa = PBXFileReference; lastKnownFileType = sourcecode.c.h; path = "Cover Tube-Bridging-Header.h"; sourceTree = "<group>"; };
		75C07B761EA09A9D00045740 /* YTPlayerView.h */ = {isa = PBXFileReference; fileEncoding = 4; lastKnownFileType = sourcecode.c.h; path = YTPlayerView.h; sourceTree = "<group>"; };
		75C07B771EA09A9D00045740 /* YTPlayerView.m */ = {isa = PBXFileReference; fileEncoding = 4; lastKnownFileType = sourcecode.c.objc; path = YTPlayerView.m; sourceTree = "<group>"; };
		75C07B791EA09AE600045740 /* Assets */ = {isa = PBXFileReference; lastKnownFileType = folder; path = Assets; sourceTree = "<group>"; };
		75C07B7B1EA0C3D400045740 /* UtilityConstants.swift */ = {isa = PBXFileReference; fileEncoding = 4; lastKnownFileType = sourcecode.swift; path = UtilityConstants.swift; sourceTree = "<group>"; };
/* End PBXFileReference section */

/* Begin PBXFrameworksBuildPhase section */
		7549D16B1E6925FC00A6FCEF /* Frameworks */ = {
			isa = PBXFrameworksBuildPhase;
			buildActionMask = 2147483647;
			files = (
			);
			runOnlyForDeploymentPostprocessing = 0;
		};
/* End PBXFrameworksBuildPhase section */

/* Begin PBXGroup section */
		7549D1651E6925FC00A6FCEF = {
			isa = PBXGroup;
			children = (
				7549D1701E6925FC00A6FCEF /* Cover Tube */,
				7549D16F1E6925FC00A6FCEF /* Products */,
			);
			sourceTree = "<group>";
		};
		7549D16F1E6925FC00A6FCEF /* Products */ = {
			isa = PBXGroup;
			children = (
				7549D16E1E6925FC00A6FCEF /* Cover Tube.app */,
			);
			name = Products;
			sourceTree = "<group>";
		};
		7549D1701E6925FC00A6FCEF /* Cover Tube */ = {
			isa = PBXGroup;
			children = (
				7549D1711E6925FC00A6FCEF /* AppDelegate.swift */,
				7549D1731E6925FC00A6FCEF /* ViewController.swift */,
				7549D1751E6925FC00A6FCEF /* Main.storyboard */,
				753B24E91E9C921C00102148 /* LoginViewController.swift */,
				753B24EB1E9C922500102148 /* MusicSearcherViewController.swift */,
				753B24ED1E9C96FC00102148 /* PlaylistViewController.swift */,
				753B24EF1E9C983900102148 /* MusicTableViewCell.swift */,
				7549D1781E6925FC00A6FCEF /* Assets.xcassets */,
				7549D17A1E6925FC00A6FCEF /* LaunchScreen.storyboard */,
				7549D17D1E6925FC00A6FCEF /* Info.plist */,
				75C07B761EA09A9D00045740 /* YTPlayerView.h */,
				75C07B771EA09A9D00045740 /* YTPlayerView.m */,
				75C07B751EA09A9C00045740 /* Cover Tube-Bridging-Header.h */,
				75C07B7B1EA0C3D400045740 /* UtilityConstants.swift */,
				75C07B791EA09AE600045740 /* Assets */,
			);
			path = "Cover Tube";
			sourceTree = "<group>";
		};
/* End PBXGroup section */

/* Begin PBXNativeTarget section */
		7549D16D1E6925FC00A6FCEF /* Cover Tube */ = {
			isa = PBXNativeTarget;
			buildConfigurationList = 7549D1801E6925FC00A6FCEF /* Build configuration list for PBXNativeTarget "Cover Tube" */;
			buildPhases = (
				7549D16A1E6925FC00A6FCEF /* Sources */,
				7549D16B1E6925FC00A6FCEF /* Frameworks */,
				7549D16C1E6925FC00A6FCEF /* Resources */,
			);
			buildRules = (
			);
			dependencies = (
			);
			name = "Cover Tube";
			productName = "Cover Tube";
			productReference = 7549D16E1E6925FC00A6FCEF /* Cover Tube.app */;
			productType = "com.apple.product-type.application";
		};
/* End PBXNativeTarget section */

/* Begin PBXProject section */
		7549D1661E6925FC00A6FCEF /* Project object */ = {
			isa = PBXProject;
			attributes = {
				LastSwiftUpdateCheck = 0820;
				LastUpgradeCheck = 0820;
				ORGANIZATIONNAME = CoverTuber;
				TargetAttributes = {
					7549D16D1E6925FC00A6FCEF = {
						CreatedOnToolsVersion = 8.2.1;
						DevelopmentTeam = 4V845HXYW2;
						LastSwiftMigration = 0830;
						ProvisioningStyle = Automatic;
					};
				};
			};
			buildConfigurationList = 7549D1691E6925FC00A6FCEF /* Build configuration list for PBXProject "Cover Tube" */;
			compatibilityVersion = "Xcode 3.2";
			developmentRegion = English;
			hasScannedForEncodings = 0;
			knownRegions = (
				en,
				Base,
			);
			mainGroup = 7549D1651E6925FC00A6FCEF;
			productRefGroup = 7549D16F1E6925FC00A6FCEF /* Products */;
			projectDirPath = "";
			projectRoot = "";
			targets = (
				7549D16D1E6925FC00A6FCEF /* Cover Tube */,
			);
		};
/* End PBXProject section */

/* Begin PBXResourcesBuildPhase section */
		7549D16C1E6925FC00A6FCEF /* Resources */ = {
			isa = PBXResourcesBuildPhase;
			buildActionMask = 2147483647;
			files = (
				7549D17C1E6925FC00A6FCEF /* LaunchScreen.storyboard in Resources */,
				75C07B7A1EA09AE600045740 /* Assets in Resources */,
				7549D1791E6925FC00A6FCEF /* Assets.xcassets in Resources */,
				7549D1771E6925FC00A6FCEF /* Main.storyboard in Resources */,
			);
			runOnlyForDeploymentPostprocessing = 0;
		};
/* End PBXResourcesBuildPhase section */

/* Begin PBXSourcesBuildPhase section */
		7549D16A1E6925FC00A6FCEF /* Sources */ = {
			isa = PBXSourcesBuildPhase;
			buildActionMask = 2147483647;
			files = (
				753B24EA1E9C921C00102148 /* LoginViewController.swift in Sources */,
				753B24EE1E9C96FC00102148 /* PlaylistViewController.swift in Sources */,
				75C07B7C1EA0C3D400045740 /* UtilityConstants.swift in Sources */,
				7549D1741E6925FC00A6FCEF /* ViewController.swift in Sources */,
				7549D1721E6925FC00A6FCEF /* AppDelegate.swift in Sources */,
				753B24EC1E9C922500102148 /* MusicSearcherViewController.swift in Sources */,
				753B24F01E9C983900102148 /* MusicTableViewCell.swift in Sources */,
				75C07B781EA09A9D00045740 /* YTPlayerView.m in Sources */,
			);
			runOnlyForDeploymentPostprocessing = 0;
		};
/* End PBXSourcesBuildPhase section */

/* Begin PBXVariantGroup section */
		7549D1751E6925FC00A6FCEF /* Main.storyboard */ = {
			isa = PBXVariantGroup;
			children = (
				7549D1761E6925FC00A6FCEF /* Base */,
			);
			name = Main.storyboard;
			sourceTree = "<group>";
		};
		7549D17A1E6925FC00A6FCEF /* LaunchScreen.storyboard */ = {
			isa = PBXVariantGroup;
			children = (
				7549D17B1E6925FC00A6FCEF /* Base */,
			);
			name = LaunchScreen.storyboard;
			sourceTree = "<group>";
		};
/* End PBXVariantGroup section */

/* Begin XCBuildConfiguration section */
		7549D17E1E6925FC00A6FCEF /* Debug */ = {
			isa = XCBuildConfiguration;
			buildSettings = {
				ALWAYS_SEARCH_USER_PATHS = NO;
				CLANG_ANALYZER_NONNULL = YES;
				CLANG_CXX_LANGUAGE_STANDARD = "gnu++0x";
				CLANG_CXX_LIBRARY = "libc++";
				CLANG_ENABLE_MODULES = YES;
				CLANG_ENABLE_OBJC_ARC = YES;
				CLANG_WARN_BOOL_CONVERSION = YES;
				CLANG_WARN_CONSTANT_CONVERSION = YES;
				CLANG_WARN_DIRECT_OBJC_ISA_USAGE = YES_ERROR;
				CLANG_WARN_DOCUMENTATION_COMMENTS = YES;
				CLANG_WARN_EMPTY_BODY = YES;
				CLANG_WARN_ENUM_CONVERSION = YES;
				CLANG_WARN_INFINITE_RECURSION = YES;
				CLANG_WARN_INT_CONVERSION = YES;
				CLANG_WARN_OBJC_ROOT_CLASS = YES_ERROR;
				CLANG_WARN_SUSPICIOUS_MOVE = YES;
				CLANG_WARN_UNREACHABLE_CODE = YES;
				CLANG_WARN__DUPLICATE_METHOD_MATCH = YES;
				"CODE_SIGN_IDENTITY[sdk=iphoneos*]" = "iPhone Developer";
				COPY_PHASE_STRIP = NO;
				DEBUG_INFORMATION_FORMAT = dwarf;
				ENABLE_STRICT_OBJC_MSGSEND = YES;
				ENABLE_TESTABILITY = YES;
				GCC_C_LANGUAGE_STANDARD = gnu99;
				GCC_DYNAMIC_NO_PIC = NO;
				GCC_NO_COMMON_BLOCKS = YES;
				GCC_OPTIMIZATION_LEVEL = 0;
				GCC_PREPROCESSOR_DEFINITIONS = (
					"DEBUG=1",
					"$(inherited)",
				);
				GCC_WARN_64_TO_32_BIT_CONVERSION = YES;
				GCC_WARN_ABOUT_RETURN_TYPE = YES_ERROR;
				GCC_WARN_UNDECLARED_SELECTOR = YES;
				GCC_WARN_UNINITIALIZED_AUTOS = YES_AGGRESSIVE;
				GCC_WARN_UNUSED_FUNCTION = YES;
				GCC_WARN_UNUSED_VARIABLE = YES;
				IPHONEOS_DEPLOYMENT_TARGET = 10.2;
				MTL_ENABLE_DEBUG_INFO = YES;
				ONLY_ACTIVE_ARCH = YES;
				SDKROOT = iphoneos;
				SWIFT_ACTIVE_COMPILATION_CONDITIONS = DEBUG;
				SWIFT_OPTIMIZATION_LEVEL = "-Onone";
			};
			name = Debug;
		};
		7549D17F1E6925FC00A6FCEF /* Release */ = {
			isa = XCBuildConfiguration;
			buildSettings = {
				ALWAYS_SEARCH_USER_PATHS = NO;
				CLANG_ANALYZER_NONNULL = YES;
				CLANG_CXX_LANGUAGE_STANDARD = "gnu++0x";
				CLANG_CXX_LIBRARY = "libc++";
				CLANG_ENABLE_MODULES = YES;
				CLANG_ENABLE_OBJC_ARC = YES;
				CLANG_WARN_BOOL_CONVERSION = YES;
				CLANG_WARN_CONSTANT_CONVERSION = YES;
				CLANG_WARN_DIRECT_OBJC_ISA_USAGE = YES_ERROR;
				CLANG_WARN_DOCUMENTATION_COMMENTS = YES;
				CLANG_WARN_EMPTY_BODY = YES;
				CLANG_WARN_ENUM_CONVERSION = YES;
				CLANG_WARN_INFINITE_RECURSION = YES;
				CLANG_WARN_INT_CONVERSION = YES;
				CLANG_WARN_OBJC_ROOT_CLASS = YES_ERROR;
				CLANG_WARN_SUSPICIOUS_MOVE = YES;
				CLANG_WARN_UNREACHABLE_CODE = YES;
				CLANG_WARN__DUPLICATE_METHOD_MATCH = YES;
				"CODE_SIGN_IDENTITY[sdk=iphoneos*]" = "iPhone Developer";
				COPY_PHASE_STRIP = NO;
				DEBUG_INFORMATION_FORMAT = "dwarf-with-dsym";
				ENABLE_NS_ASSERTIONS = NO;
				ENABLE_STRICT_OBJC_MSGSEND = YES;
				GCC_C_LANGUAGE_STANDARD = gnu99;
				GCC_NO_COMMON_BLOCKS = YES;
				GCC_WARN_64_TO_32_BIT_CONVERSION = YES;
				GCC_WARN_ABOUT_RETURN_TYPE = YES_ERROR;
				GCC_WARN_UNDECLARED_SELECTOR = YES;
				GCC_WARN_UNINITIALIZED_AUTOS = YES_AGGRESSIVE;
				GCC_WARN_UNUSED_FUNCTION = YES;
				GCC_WARN_UNUSED_VARIABLE = YES;
				IPHONEOS_DEPLOYMENT_TARGET = 10.2;
				MTL_ENABLE_DEBUG_INFO = NO;
				SDKROOT = iphoneos;
				SWIFT_OPTIMIZATION_LEVEL = "-Owholemodule";
				VALIDATE_PRODUCT = YES;
			};
			name = Release;
		};
		7549D1811E6925FC00A6FCEF /* Debug */ = {
			isa = XCBuildConfiguration;
			buildSettings = {
				ASSETCATALOG_COMPILER_APPICON_NAME = AppIcon;
				CLANG_ENABLE_MODULES = YES;
				DEVELOPMENT_TEAM = 4V845HXYW2;
				INFOPLIST_FILE = "Cover Tube/Info.plist";
				LD_RUNPATH_SEARCH_PATHS = "$(inherited) @executable_path/Frameworks";
				PRODUCT_BUNDLE_IDENTIFIER = "com.covertuber.Cover-Tube";
				PRODUCT_NAME = "$(TARGET_NAME)";
				SWIFT_OBJC_BRIDGING_HEADER = "Cover Tube/Cover Tube-Bridging-Header.h";
				SWIFT_OPTIMIZATION_LEVEL = "-Onone";
				SWIFT_VERSION = 3.0;
			};
			name = Debug;
		};
		7549D1821E6925FC00A6FCEF /* Release */ = {
			isa = XCBuildConfiguration;
			buildSettings = {
				ASSETCATALOG_COMPILER_APPICON_NAME = AppIcon;
				CLANG_ENABLE_MODULES = YES;
				DEVELOPMENT_TEAM = 4V845HXYW2;
				INFOPLIST_FILE = "Cover Tube/Info.plist";
				LD_RUNPATH_SEARCH_PATHS = "$(inherited) @executable_path/Frameworks";
				PRODUCT_BUNDLE_IDENTIFIER = "com.covertuber.Cover-Tube";
				PRODUCT_NAME = "$(TARGET_NAME)";
				SWIFT_OBJC_BRIDGING_HEADER = "Cover Tube/Cover Tube-Bridging-Header.h";
				SWIFT_VERSION = 3.0;
			};
			name = Release;
		};
/* End XCBuildConfiguration section */

/* Begin XCConfigurationList section */
		7549D1691E6925FC00A6FCEF /* Build configuration list for PBXProject "Cover Tube" */ = {
			isa = XCConfigurationList;
			buildConfigurations = (
				7549D17E1E6925FC00A6FCEF /* Debug */,
				7549D17F1E6925FC00A6FCEF /* Release */,
			);
			defaultConfigurationIsVisible = 0;
			defaultConfigurationName = Release;
		};
		7549D1801E6925FC00A6FCEF /* Build configuration list for PBXNativeTarget "Cover Tube" */ = {
			isa = XCConfigurationList;
			buildConfigurations = (
				7549D1811E6925FC00A6FCEF /* Debug */,
				7549D1821E6925FC00A6FCEF /* Release */,
			);
			defaultConfigurationIsVisible = 0;
			defaultConfigurationName = Release;
		};
/* End XCConfigurationList section */
	};
	rootObject = 7549D1661E6925FC00A6FCEF /* Project object */;
}
